{
  "nodes": {
    "anthropic-skills": {
      "flake": false,
      "locked": {
        "lastModified": 1782929483,
        "narHash": "sha256-U7Nt1xrFOSOEm4vuWmy4pVsEyvv+Hj4sv8yXOofmwAw=",
        "owner": "anthropics",
        "repo": "skills",
        "rev": "9d2f1ae187231d8199c64b5b762e1bdf2244733d",
        "type": "github"
      },
      "original": {
        "owner": "anthropics",
        "repo": "skills",
        "type": "github"
      }
    },
    "chatgpt-bin": {
      "flake": false,
      "locked": {
        "narHash": "sha256-gtH9OTmke6dAtJFasrWUB+ppyV1UutiEBaXNFmrx7zg=",
        "type": "file",
        "url": "https://persistent.oaistatic.com/codex-app-prod/linux/deb/latest/chatgpt_amd64.deb"
      },
      "original": {
        "type": "file",
        "url": "https://persistent.oaistatic.com/codex-app-prod/linux/deb/latest/chatgpt_amd64.deb"
      }
    },
    "codex-bin": {
      "flake": false,
      "locked": {
        "lastModified": 1786064547,
        "narHash": "sha256-/K46NAuO9/AODb5m6TcTM7BveX1PATlfkRRBhr2c/D4=",
        "type": "tarball",
        "url": "https://github.com/openai/codex/releases/latest/download/codex-x86_64-unknown-linux-musl.tar.gz"
      },
      "original": {
        "type": "tarball",
        "url": "https://github.com/openai/codex/releases/latest/download/codex-x86_64-unknown-linux-musl.tar.gz"
      }
    },
    "home-manager": {
      "inputs": {
        "nixpkgs": [
          "nixpkgs"
        ]
      },
      "locked": {
        "lastModified": 1783358420,
        "narHash": "sha256-UEyBpf+XmQe8laXfDzIlo11Er7E0rKrLS8jeMnMj0Ds=",
        "owner": "nix-community",
        "repo": "home-manager",
        "rev": "0d33882bd46c1f9ef62276700f5e5f2bd6ff6604",
        "type": "github"
      },
      "original": {
        "owner": "nix-community",
        "ref": "master",
        "repo": "home-manager",
        "type": "github"
      }
    },
    "nixpkgs": {
      "locked": {
        "lastModified": 1783224372,
        "narHash": "sha256-FGQ8TfSm9WviNE/fQAWsKs+y4GkX8fU4EScewpw54Y8=",
        "rev": "d407951447dcd00442e97087bf374aad70c04cea",
        "type": "tarball",
        "url": "https://releases.nixos.org/nixos/unstable/nixos-26.11pre1027867.d407951447dc/nixexprs.tar.xz"
      },
      "original": {
        "id": "nixpkgs",
        "ref": "nixos-unstable",
        "type": "indirect"
      }
    },
    "nixpkgs-zed": {
      "locked": {
        "lastModified": 1783224372,
        "narHash": "sha256-FGQ8TfSm9WviNE/fQAWsKs+y4GkX8fU4EScewpw54Y8=",
        "rev": "d407951447dcd00442e97087bf374aad70c04cea",
        "type": "tarball",
        "url": "https://releases.nixos.org/nixos/unstable/nixos-26.11pre1027867.d407951447dc/nixexprs.tar.xz"
      },
      "original": {
        "id": "nixpkgs",
        "ref": "nixos-unstable",
        "type": "indirect"
      }
    },
    "root": {
      "inputs": {
        "anthropic-skills": "anthropic-skills",
        "chatgpt-bin": "chatgpt-bin",
        "codex-bin": "codex-bin",
        "home-manager": "home-manager",
        "nixpkgs": "nixpkgs",
        "nixpkgs-zed": "nixpkgs-zed",
        "t3code-bin": "t3code-bin",
        "worktrunk-bin": "worktrunk-bin"
      }
    },
    "t3code-bin": {
      "flake": false,
      "locked": {
        "narHash": "sha256-30s4fnIRukBd9eofLB7LxSxLGHeA3MeqZNaU9Q0qnjI=",
        "type": "file",
        "url": "https://github.com/pingdotgg/t3code/releases/latest/download/latest-linux.yml"
      },
      "original": {
        "type": "file",
        "url": "https://github.com/pingdotgg/t3code/releases/latest/download/latest-linux.yml"
      }
    },
    "worktrunk-bin": {
      "flake": false,
      "locked": {
        "lastModified": 1786558692,
        "narHash": "sha256-zKRoHq5vRxT0CjV2tvyJk3HobHSrYyicDu8L8GhhmVc=",
        "type": "tarball",
        "url": "https://github.com/max-sixty/worktrunk/releases/latest/download/worktrunk-x86_64-unknown-linux-musl.tar.xz"
      },
      "original": {
        "type": "tarball",
        "url": "https://github.com/max-sixty/worktrunk/releases/latest/download/worktrunk-x86_64-unknown-linux-musl.tar.xz"
      }
    }
  },
  "root": "root",
  "version": 7
}
