{
  "nodes": {
    "anthropic-skills": {
      "flake": false,
      "locked": {
        "lastModified": 1789069448,
        "narHash": "sha256-tI4bTTBfI1ylltklGyiyA7pLoKXEWtrT6lrmwrpLbCw=",
        "owner": "anthropics",
        "repo": "skills",
        "rev": "34040c9c568585f6929bedeaad110ad08f079624",
        "type": "github"
      },
      "original": {
        "owner": "anthropics",
        "repo": "skills",
        "type": "github"
      }
    },
    "chatgpt-bin": {
      "flake": false,
      "locked": {
        "narHash": "sha256-JCJADR7qRUlsHcLBEZIAtvPBoTk6EW+0oGuuidfHnt0=",
        "type": "file",
        "url": "https://persistent.oaistatic.com/codex-app-prod/linux/deb/latest/chatgpt_amd64.deb"
      },
      "original": {
        "type": "file",
        "url": "https://persistent.oaistatic.com/codex-app-prod/linux/deb/latest/chatgpt_amd64.deb"
      }
    },
    "codex-bin": {
      "flake": false,
      "locked": {
        "lastModified": 1788991046,
        "narHash": "sha256-OL3wNqPZn/TcvKsEDcuIVczm4VsUxBccVajKjAb2/pk=",
        "type": "tarball",
        "url": "https://github.com/openai/codex/releases/latest/download/codex-package-x86_64-unknown-linux-musl.tar.gz"
      },
      "original": {
        "type": "tarball",
        "url": "https://github.com/openai/codex/releases/latest/download/codex-package-x86_64-unknown-linux-musl.tar.gz"
      }
    },
    "home-manager": {
      "inputs": {
        "nixpkgs": [
          "nixpkgs"
        ]
      },
      "locked": {
        "lastModified": 1789430117,
        "narHash": "sha256-t+U1mijItLJ64xZOifpfQ17kpAL73nU7pDI48ScacVc=",
        "owner": "nix-community",
        "repo": "home-manager",
        "rev": "cda90fd8838825c689fde9d3f3b4e937937790df",
        "type": "github"
      },
      "original": {
        "owner": "nix-community",
        "ref": "master",
        "repo": "home-manager",
        "type": "github"
      }
    },
    "nixpkgs": {
      "locked": {
        "lastModified": 1789286504,
        "narHash": "sha256-3i80JnZ9pZ7tWReb/Sqpc32cfzffCu8TWLnbnH0hN9c=",
        "rev": "ef34387ddd751e1ab8857adf4676492d32eb24ec",
        "type": "tarball",
        "url": "https://releases.nixos.org/nixos/unstable/nixos-26.11pre1073009.ef34387ddd75/nixexprs.tar.zst"
      },
      "original": {
        "id": "nixpkgs",
        "ref": "nixos-unstable",
        "type": "indirect"
      }
    },
    "nixpkgs-davinci": {
      "flake": false,
      "locked": {
        "lastModified": 1789148781,
        "narHash": "sha256-2dTKAUJaBGIy/SJWP/Ystgu9YHSVshUfouTql/o7nnM=",
        "owner": "NixOS",
        "repo": "nixpkgs",
        "rev": "cb77d0acc2a413200eb579a187e68e998b3d5a3c",
        "type": "github"
      },
      "original": {
        "owner": "NixOS",
        "ref": "pull/562336/head",
        "repo": "nixpkgs",
        "type": "github"
      }
    },
    "nixpkgs-zed": {
      "locked": {
        "lastModified": 1789286504,
        "narHash": "sha256-3i80JnZ9pZ7tWReb/Sqpc32cfzffCu8TWLnbnH0hN9c=",
        "rev": "ef34387ddd751e1ab8857adf4676492d32eb24ec",
        "type": "tarball",
        "url": "https://releases.nixos.org/nixos/unstable/nixos-26.11pre1073009.ef34387ddd75/nixexprs.tar.zst"
      },
      "original": {
        "id": "nixpkgs",
        "ref": "nixos-unstable",
        "type": "indirect"
      }
    },
    "root": {
      "inputs": {
        "anthropic-skills": "anthropic-skills",
        "chatgpt-bin": "chatgpt-bin",
        "codex-bin": "codex-bin",
        "home-manager": "home-manager",
        "nixpkgs": "nixpkgs",
        "nixpkgs-davinci": "nixpkgs-davinci",
        "nixpkgs-zed": "nixpkgs-zed",
        "t3code-bin": "t3code-bin",
        "worktrunk-bin": "worktrunk-bin"
      }
    },
    "t3code-bin": {
      "flake": false,
      "locked": {
        "narHash": "sha256-olYSJ7l67TTs9nMhjDnycq3fpLQ8WY1sgBOfk1Zwvn8=",
        "type": "file",
        "url": "https://github.com/pingdotgg/t3code/releases/latest/download/latest-linux.yml"
      },
      "original": {
        "type": "file",
        "url": "https://github.com/pingdotgg/t3code/releases/latest/download/latest-linux.yml"
      }
    },
    "worktrunk-bin": {
      "flake": false,
      "locked": {
        "lastModified": 1788905012,
        "narHash": "sha256-sZ5gkF0tg5cwbmrcrRjUbzLqUs1TOKyIli8xOVqmwO4=",
        "type": "tarball",
        "url": "https://github.com/max-sixty/worktrunk/releases/latest/download/worktrunk-x86_64-unknown-linux-musl.tar.xz"
      },
      "original": {
        "type": "tarball",
        "url": "https://github.com/max-sixty/worktrunk/releases/latest/download/worktrunk-x86_64-unknown-linux-musl.tar.xz"
      }
    }
  },
  "root": "root",
  "version": 7
}
