{
  "nodes": {
    "anthropic-skills": {
      "flake": false,
      "locked": {
        "lastModified": 1774451446,
        "narHash": "sha256-w//9LB1OVG9jlllY+VDse7Js0dn5x6Ys2vPuQACKsTM=",
        "owner": "anthropics",
        "repo": "skills",
        "rev": "98669c11ca63e9c81c11501e1437e5c47b556621",
        "type": "github"
      },
      "original": {
        "owner": "anthropics",
        "repo": "skills",
        "type": "github"
      }
    },
    "codex-bin": {
      "flake": false,
      "locked": {
        "lastModified": 1774974915,
        "narHash": "sha256-VWdq00OnV+c1xKjlo7CSufMBg8ZCB2zIo7FElMfjLQ0=",
        "type": "tarball",
        "url": "https://github.com/openai/codex/releases/latest/download/codex-x86_64-unknown-linux-musl.tar.gz"
      },
      "original": {
        "type": "tarball",
        "url": "https://github.com/openai/codex/releases/latest/download/codex-x86_64-unknown-linux-musl.tar.gz"
      }
    },
    "home-manager": {
      "inputs": {
        "nixpkgs": [
          "nixpkgs"
        ]
      },
      "locked": {
        "lastModified": 1772807318,
        "narHash": "sha256-Qjw6ILt8cb2HQQpCmWNLMZZ63wEo1KjTQt+1BcQBr7k=",
        "owner": "nix-community",
        "repo": "home-manager",
        "rev": "daa2c221320809f5514edde74d0ad0193ad54ed8",
        "type": "github"
      },
      "original": {
        "owner": "nix-community",
        "ref": "master",
        "repo": "home-manager",
        "type": "github"
      }
    },
    "nixpkgs": {
      "locked": {
        "lastModified": 1772624091,
        "narHash": "sha256-QKyJ0QGWBn6r0invrMAK8dmJoBYWoOWy7lN+UHzW1jc=",
        "owner": "NixOS",
        "repo": "nixpkgs",
        "rev": "80bdc1e5ce51f56b19791b52b2901187931f5353",
        "type": "github"
      },
      "original": {
        "id": "nixpkgs",
        "ref": "nixos-unstable",
        "type": "indirect"
      }
    },
    "nixpkgs-zed": {
      "locked": {
        "lastModified": 1774709303,
        "narHash": "sha256-D3Q07BbIA2KnTcSXIqqu9P586uWxN74zNoCH3h2ESHg=",
        "owner": "NixOS",
        "repo": "nixpkgs",
        "rev": "8110df5ad7abf5d4c0f6fb0f8f978390e77f9685",
        "type": "github"
      },
      "original": {
        "id": "nixpkgs",
        "ref": "nixos-unstable",
        "type": "indirect"
      }
    },
    "root": {
      "inputs": {
        "anthropic-skills": "anthropic-skills",
        "codex-bin": "codex-bin",
        "home-manager": "home-manager",
        "nixpkgs": "nixpkgs",
        "nixpkgs-zed": "nixpkgs-zed",
        "t3code-bin": "t3code-bin",
        "worktrunk-bin": "worktrunk-bin"
      }
    },
    "t3code-bin": {
      "flake": false,
      "locked": {
        "narHash": "sha256-tXD9UrGVp+ocj3AMjhjJZEAyuBaTjpPVqE5onZ0SvPY=",
        "type": "file",
        "url": "https://github.com/pingdotgg/t3code/releases/latest/download/latest-linux.yml"
      },
      "original": {
        "type": "file",
        "url": "https://github.com/pingdotgg/t3code/releases/latest/download/latest-linux.yml"
      }
    },
    "worktrunk-bin": {
      "flake": false,
      "locked": {
        "lastModified": 1774554067,
        "narHash": "sha256-JZ40/pBTIHZMyr2uucHPtT6Yps0IfRQmJRxTCwzD7+Q=",
        "type": "tarball",
        "url": "https://github.com/max-sixty/worktrunk/releases/latest/download/worktrunk-x86_64-unknown-linux-musl.tar.xz"
      },
      "original": {
        "type": "tarball",
        "url": "https://github.com/max-sixty/worktrunk/releases/latest/download/worktrunk-x86_64-unknown-linux-musl.tar.xz"
      }
    }
  },
  "root": "root",
  "version": 7
}
